
Microsoft Visual Studio Solution File, Format Version 12.00
# Visual Studio Version 17
VisualStudioVersion = 17.14.37203.1 d17.14
MinimumVisualStudioVersion = 10.0.40219.1
Project("{FAE04EC0-301F-11D3-BF4B-00C04F79EFBC}") = "MagicSearch", "MagicSearch.csproj", "{FB5F75E6-42FF-4BE1-AE77-F6ABE2237DEF}"
EndProject
Global
	GlobalSection(SolutionConfigurationPlatforms) = preSolution
		Debug|Any CPU = Debug|Any CPU
		Release|Any CPU = Release|Any CPU
	EndGlobalSection
	GlobalSection(ProjectConfigurationPlatforms) = postSolution
		{FB5F75E6-42FF-4BE1-AE77-F6ABE2237DEF}.Debug|Any CPU.ActiveCfg = Debug|Any CPU
		{FB5F75E6-42FF-4BE1-AE77-F6ABE2237DEF}.Debug|Any CPU.Build.0 = Debug|Any CPU
		{FB5F75E6-42FF-4BE1-AE77-F6ABE2237DEF}.Release|Any CPU.ActiveCfg = Release|Any CPU
		{FB5F75E6-42FF-4BE1-AE77-F6ABE2237DEF}.Release|Any CPU.Build.0 = Release|Any CPU
	EndGlobalSection
	GlobalSection(SolutionProperties) = preSolution
		HideSolutionNode = FALSE
	EndGlobalSection
	GlobalSection(ExtensibilityGlobals) = postSolution
		SolutionGuid = {AF33A4B2-8455-4375-8986-F98412D793E2}
	EndGlobalSection
EndGlobal
